
Microsoft Visual Studio Solution File, Format Version 12.00
# Visual Studio 15
Project("{FAE04EC0-301F-11D3-BF4B-00C04F79EFBC}") = "web", "web.csproj", "{9FBB1DBB-BEA2-42ED-94D4-3995B6D9F5FD}"
EndProject
Global
	GlobalSection(SolutionConfigurationPlatforms) = preSolution
		Debug|Any CPU = Debug|Any CPU
		Release|Any CPU = Release|Any CPU
	EndGlobalSection
	GlobalSection(ProjectConfigurationPlatforms) = postSolution
		{9FBB1DBB-BEA2-42ED-94D4-3995B6D9F5FD}.Debug|Any CPU.ActiveCfg = Debug|Any CPU
		{9FBB1DBB-BEA2-42ED-94D4-3995B6D9F5FD}.Debug|Any CPU.Build.0 = Debug|Any CPU
		{9FBB1DBB-BEA2-42ED-94D4-3995B6D9F5FD}.Release|Any CPU.ActiveCfg = Release|Any CPU
		{9FBB1DBB-BEA2-42ED-94D4-3995B6D9F5FD}.Release|Any CPU.Build.0 = Release|Any CPU
	EndGlobalSection
EndGlobal
